
Microsoft Visual Studio Solution File, Format Version 11.00
# Visual Studio 2010
Project("{FAE04EC0-301F-11D3-BF4B-00C04F79EFBC}") = "Assembly-CSharp", "Assembly-CSharp.csproj", "{d82ec7ae-f9b4-5ae0-eea4-22eb6a9c7349}"
EndProject
Project("{FAE04EC0-301F-11D3-BF4B-00C04F79EFBC}") = "MagicaClothV2.Editor", "MagicaClothV2.Editor.csproj", "{93d0afd6-18e0-5db9-b106-58fcc5e3a570}"
EndProject
Project("{FAE04EC0-301F-11D3-BF4B-00C04F79EFBC}") = "FR2", "FR2.csproj", "{a2ad35bc-856a-b51a-5353-1496a8c935e8}"
EndProject
Project("{FAE04EC0-301F-11D3-BF4B-00C04F79EFBC}") = "MagicaClothV2", "MagicaClothV2.csproj", "{f47ffc60-1286-ac0f-8efe-c73730d4c7a0}"
EndProject
Project("{FAE04EC0-301F-11D3-BF4B-00C04F79EFBC}") = "UniTask", "UniTask.csproj", "{4dba577f-379a-d6f5-afb6-8f7fe00a2fe2}"
EndProject
Project("{FAE04EC0-301F-11D3-BF4B-00C04F79EFBC}") = "VHierarchy", "VHierarchy.csproj", "{3e7045c8-ca7b-b0fd-289a-eb78f7fd1aac}"
EndProject
Project("{FAE04EC0-301F-11D3-BF4B-00C04F79EFBC}") = "Assembly-CSharp-Editor", "Assembly-CSharp-Editor.csproj", "{9b974669-ebbc-532e-e989-120ab6287291}"
EndProject
Project("{FAE04EC0-301F-11D3-BF4B-00C04F79EFBC}") = "UniTask.Linq", "UniTask.Linq.csproj", "{8b26b5e0-7f85-0a3b-8971-9e7499f48fff}"
EndProject
Project("{FAE04EC0-301F-11D3-BF4B-00C04F79EFBC}") = "VTabs", "VTabs.csproj", "{2648a995-b249-0730-2a74-a1884aebb6f9}"
EndProject
Project("{FAE04EC0-301F-11D3-BF4B-00C04F79EFBC}") = "VFolders", "VFolders.csproj", "{83b3212a-7a26-d407-9964-887184c4a49e}"
EndProject
Project("{FAE04EC0-301F-11D3-BF4B-00C04F79EFBC}") = "HeurekaGames.AssetHunterPRO.Editor", "HeurekaGames.AssetHunterPRO.Editor.csproj", "{ccb4157a-a74f-1c9a-242b-7499857fbc15}"
EndProject
Project("{FAE04EC0-301F-11D3-BF4B-00C04F79EFBC}") = "UniTask.Addressables", "UniTask.Addressables.csproj", "{1cf6c1e7-7ece-09f1-d210-fb7e91676452}"
EndProject
Project("{FAE04EC0-301F-11D3-BF4B-00C04F79EFBC}") = "HeurekaGames.Utils", "HeurekaGames.Utils.csproj", "{4974dcad-1dad-3926-11b3-4a4d03a7a883}"
EndProject
Project("{FAE04EC0-301F-11D3-BF4B-00C04F79EFBC}") = "FMODUnityResonanceEditor", "FMODUnityResonanceEditor.csproj", "{0cce4129-e6cb-5e4e-b156-0fa99f437b04}"
EndProject
Project("{FAE04EC0-301F-11D3-BF4B-00C04F79EFBC}") = "FMODUnityEditor", "FMODUnityEditor.csproj", "{66f201b3-dec4-2342-eb8b-122b19b40472}"
EndProject
Project("{FAE04EC0-301F-11D3-BF4B-00C04F79EFBC}") = "FMODUnity", "FMODUnity.csproj", "{66e78fa9-fd2d-eef4-db37-205dbcfc970d}"
EndProject
Project("{FAE04EC0-301F-11D3-BF4B-00C04F79EFBC}") = "FMODUnityHaptics", "FMODUnityHaptics.csproj", "{ce011ac0-0e11-cef3-e733-8274b22d6ebb}"
EndProject
Project("{FAE04EC0-301F-11D3-BF4B-00C04F79EFBC}") = "UniTask.TextMeshPro", "UniTask.TextMeshPro.csproj", "{72179c89-db4f-3cd7-3efa-f73c1770aa2f}"
EndProject
Project("{FAE04EC0-301F-11D3-BF4B-00C04F79EFBC}") = "VInspector", "VInspector.csproj", "{765b2acf-5366-6745-d6ac-b615a723fd7a}"
EndProject
Project("{FAE04EC0-301F-11D3-BF4B-00C04F79EFBC}") = "FMODUnityResonance", "FMODUnityResonance.csproj", "{10201bb7-4a99-5fec-bd70-da0146dc0ac0}"
EndProject
Project("{FAE04EC0-301F-11D3-BF4B-00C04F79EFBC}") = "Heureka.Upgrade", "Heureka.Upgrade.csproj", "{edb6d781-cc6d-a92f-bfc1-d12b0b627e8b}"
EndProject
Project("{FAE04EC0-301F-11D3-BF4B-00C04F79EFBC}") = "UniTask.Editor", "UniTask.Editor.csproj", "{3f3db3ac-f9d3-5c39-035f-31bd655111fe}"
EndProject
Project("{FAE04EC0-301F-11D3-BF4B-00C04F79EFBC}") = "UniTask.DOTween", "UniTask.DOTween.csproj", "{91726c5c-18d9-da3b-8aff-139b1a07ea1d}"
EndProject
Project("{FAE04EC0-301F-11D3-BF4B-00C04F79EFBC}") = "Assembly-CSharp-firstpass", "Assembly-CSharp-firstpass.csproj", "{0c34da51-63b2-bdb6-74d9-ac213b6535da}"
EndProject
Project("{FAE04EC0-301F-11D3-BF4B-00C04F79EFBC}") = "MagicaClothV2UPMImporterCollections", "MagicaClothV2UPMImporterCollections.csproj", "{1f9dd081-40ba-de7f-aa63-0dd26d9c2778}"
EndProject
Project("{FAE04EC0-301F-11D3-BF4B-00C04F79EFBC}") = "MagicaClothV2UPMImporterBurst", "MagicaClothV2UPMImporterBurst.csproj", "{85fac0e9-59de-2197-2260-0a3b47a83f33}"
EndProject
Global
	GlobalSection(SolutionConfigurationPlatforms) = preSolution
		Debug|Any CPU = Debug|Any CPU
	EndGlobalSection
	GlobalSection(ProjectConfigurationPlatforms) = postSolution
		{d82ec7ae-f9b4-5ae0-eea4-22eb6a9c7349}.Debug|Any CPU.ActiveCfg = Debug|Any CPU
		{d82ec7ae-f9b4-5ae0-eea4-22eb6a9c7349}.Debug|Any CPU.Build.0 = Debug|Any CPU
		{93d0afd6-18e0-5db9-b106-58fcc5e3a570}.Debug|Any CPU.ActiveCfg = Debug|Any CPU
		{93d0afd6-18e0-5db9-b106-58fcc5e3a570}.Debug|Any CPU.Build.0 = Debug|Any CPU
		{a2ad35bc-856a-b51a-5353-1496a8c935e8}.Debug|Any CPU.ActiveCfg = Debug|Any CPU
		{a2ad35bc-856a-b51a-5353-1496a8c935e8}.Debug|Any CPU.Build.0 = Debug|Any CPU
		{f47ffc60-1286-ac0f-8efe-c73730d4c7a0}.Debug|Any CPU.ActiveCfg = Debug|Any CPU
		{f47ffc60-1286-ac0f-8efe-c73730d4c7a0}.Debug|Any CPU.Build.0 = Debug|Any CPU
		{4dba577f-379a-d6f5-afb6-8f7fe00a2fe2}.Debug|Any CPU.ActiveCfg = Debug|Any CPU
		{4dba577f-379a-d6f5-afb6-8f7fe00a2fe2}.Debug|Any CPU.Build.0 = Debug|Any CPU
		{3e7045c8-ca7b-b0fd-289a-eb78f7fd1aac}.Debug|Any CPU.ActiveCfg = Debug|Any CPU
		{3e7045c8-ca7b-b0fd-289a-eb78f7fd1aac}.Debug|Any CPU.Build.0 = Debug|Any CPU
		{9b974669-ebbc-532e-e989-120ab6287291}.Debug|Any CPU.ActiveCfg = Debug|Any CPU
		{9b974669-ebbc-532e-e989-120ab6287291}.Debug|Any CPU.Build.0 = Debug|Any CPU
		{8b26b5e0-7f85-0a3b-8971-9e7499f48fff}.Debug|Any CPU.ActiveCfg = Debug|Any CPU
		{8b26b5e0-7f85-0a3b-8971-9e7499f48fff}.Debug|Any CPU.Build.0 = Debug|Any CPU
		{2648a995-b249-0730-2a74-a1884aebb6f9}.Debug|Any CPU.ActiveCfg = Debug|Any CPU
		{2648a995-b249-0730-2a74-a1884aebb6f9}.Debug|Any CPU.Build.0 = Debug|Any CPU
		{83b3212a-7a26-d407-9964-887184c4a49e}.Debug|Any CPU.ActiveCfg = Debug|Any CPU
		{83b3212a-7a26-d407-9964-887184c4a49e}.Debug|Any CPU.Build.0 = Debug|Any CPU
		{ccb4157a-a74f-1c9a-242b-7499857fbc15}.Debug|Any CPU.ActiveCfg = Debug|Any CPU
		{ccb4157a-a74f-1c9a-242b-7499857fbc15}.Debug|Any CPU.Build.0 = Debug|Any CPU
		{1cf6c1e7-7ece-09f1-d210-fb7e91676452}.Debug|Any CPU.ActiveCfg = Debug|Any CPU
		{1cf6c1e7-7ece-09f1-d210-fb7e91676452}.Debug|Any CPU.Build.0 = Debug|Any CPU
		{4974dcad-1dad-3926-11b3-4a4d03a7a883}.Debug|Any CPU.ActiveCfg = Debug|Any CPU
		{4974dcad-1dad-3926-11b3-4a4d03a7a883}.Debug|Any CPU.Build.0 = Debug|Any CPU
		{0cce4129-e6cb-5e4e-b156-0fa99f437b04}.Debug|Any CPU.ActiveCfg = Debug|Any CPU
		{0cce4129-e6cb-5e4e-b156-0fa99f437b04}.Debug|Any CPU.Build.0 = Debug|Any CPU
		{66f201b3-dec4-2342-eb8b-122b19b40472}.Debug|Any CPU.ActiveCfg = Debug|Any CPU
		{66f201b3-dec4-2342-eb8b-122b19b40472}.Debug|Any CPU.Build.0 = Debug|Any CPU
		{66e78fa9-fd2d-eef4-db37-205dbcfc970d}.Debug|Any CPU.ActiveCfg = Debug|Any CPU
		{66e78fa9-fd2d-eef4-db37-205dbcfc970d}.Debug|Any CPU.Build.0 = Debug|Any CPU
		{ce011ac0-0e11-cef3-e733-8274b22d6ebb}.Debug|Any CPU.ActiveCfg = Debug|Any CPU
		{ce011ac0-0e11-cef3-e733-8274b22d6ebb}.Debug|Any CPU.Build.0 = Debug|Any CPU
		{72179c89-db4f-3cd7-3efa-f73c1770aa2f}.Debug|Any CPU.ActiveCfg = Debug|Any CPU
		{72179c89-db4f-3cd7-3efa-f73c1770aa2f}.Debug|Any CPU.Build.0 = Debug|Any CPU
		{765b2acf-5366-6745-d6ac-b615a723fd7a}.Debug|Any CPU.ActiveCfg = Debug|Any CPU
		{765b2acf-5366-6745-d6ac-b615a723fd7a}.Debug|Any CPU.Build.0 = Debug|Any CPU
		{10201bb7-4a99-5fec-bd70-da0146dc0ac0}.Debug|Any CPU.ActiveCfg = Debug|Any CPU
		{10201bb7-4a99-5fec-bd70-da0146dc0ac0}.Debug|Any CPU.Build.0 = Debug|Any CPU
		{edb6d781-cc6d-a92f-bfc1-d12b0b627e8b}.Debug|Any CPU.ActiveCfg = Debug|Any CPU
		{edb6d781-cc6d-a92f-bfc1-d12b0b627e8b}.Debug|Any CPU.Build.0 = Debug|Any CPU
		{3f3db3ac-f9d3-5c39-035f-31bd655111fe}.Debug|Any CPU.ActiveCfg = Debug|Any CPU
		{3f3db3ac-f9d3-5c39-035f-31bd655111fe}.Debug|Any CPU.Build.0 = Debug|Any CPU
		{91726c5c-18d9-da3b-8aff-139b1a07ea1d}.Debug|Any CPU.ActiveCfg = Debug|Any CPU
		{91726c5c-18d9-da3b-8aff-139b1a07ea1d}.Debug|Any CPU.Build.0 = Debug|Any CPU
		{0c34da51-63b2-bdb6-74d9-ac213b6535da}.Debug|Any CPU.ActiveCfg = Debug|Any CPU
		{0c34da51-63b2-bdb6-74d9-ac213b6535da}.Debug|Any CPU.Build.0 = Debug|Any CPU
		{1f9dd081-40ba-de7f-aa63-0dd26d9c2778}.Debug|Any CPU.ActiveCfg = Debug|Any CPU
		{1f9dd081-40ba-de7f-aa63-0dd26d9c2778}.Debug|Any CPU.Build.0 = Debug|Any CPU
		{85fac0e9-59de-2197-2260-0a3b47a83f33}.Debug|Any CPU.ActiveCfg = Debug|Any CPU
		{85fac0e9-59de-2197-2260-0a3b47a83f33}.Debug|Any CPU.Build.0 = Debug|Any CPU
	EndGlobalSection
	GlobalSection(SolutionProperties) = preSolution
		HideSolutionNode = FALSE
	EndGlobalSection
EndGlobal
